
Microsoft Visual Studio Solution File, Format Version 12.00
# Visual Studio Version 17
VisualStudioVersion = 17.0.31903.59
MinimumVisualStudioVersion = 10.0.40219.1
Project("{2150E333-8FDC-42A3-9474-1A3956D46DE8}") = "src", "src", "{BD2BA0A1-E9E0-48EB-B74E-5D905FE5755A}"
EndProject
Project("{FAE04EC0-301F-11D3-BF4B-00C04F79EFBC}") = "VoiceClip", "src\VoiceClip\VoiceClip.csproj", "{28F23017-3789-4243-8D37-6C5E46B12DEE}"
EndProject
Project("{2150E333-8FDC-42A3-9474-1A3956D46DE8}") = "tests", "tests", "{2B28D257-ED9D-45D0-B10B-27E69F75ED31}"
EndProject
Project("{FAE04EC0-301F-11D3-BF4B-00C04F79EFBC}") = "VoiceClip.Tests", "tests\VoiceClip.Tests\VoiceClip.Tests.csproj", "{DC993B13-A2B1-47BC-8623-D54C2375EF8A}"
EndProject
Global
	GlobalSection(SolutionConfigurationPlatforms) = preSolution
		Debug|Any CPU = Debug|Any CPU
		Release|Any CPU = Release|Any CPU
	EndGlobalSection
	GlobalSection(SolutionProperties) = preSolution
		HideSolutionNode = FALSE
	EndGlobalSection
	GlobalSection(ProjectConfigurationPlatforms) = postSolution
		{28F23017-3789-4243-8D37-6C5E46B12DEE}.Debug|Any CPU.ActiveCfg = Debug|Any CPU
		{28F23017-3789-4243-8D37-6C5E46B12DEE}.Debug|Any CPU.Build.0 = Debug|Any CPU
		{28F23017-3789-4243-8D37-6C5E46B12DEE}.Release|Any CPU.ActiveCfg = Release|Any CPU
		{28F23017-3789-4243-8D37-6C5E46B12DEE}.Release|Any CPU.Build.0 = Release|Any CPU
		{DC993B13-A2B1-47BC-8623-D54C2375EF8A}.Debug|Any CPU.ActiveCfg = Debug|Any CPU
		{DC993B13-A2B1-47BC-8623-D54C2375EF8A}.Debug|Any CPU.Build.0 = Debug|Any CPU
		{DC993B13-A2B1-47BC-8623-D54C2375EF8A}.Release|Any CPU.ActiveCfg = Release|Any CPU
		{DC993B13-A2B1-47BC-8623-D54C2375EF8A}.Release|Any CPU.Build.0 = Release|Any CPU
	EndGlobalSection
	GlobalSection(NestedProjects) = preSolution
		{28F23017-3789-4243-8D37-6C5E46B12DEE} = {BD2BA0A1-E9E0-48EB-B74E-5D905FE5755A}
		{DC993B13-A2B1-47BC-8623-D54C2375EF8A} = {2B28D257-ED9D-45D0-B10B-27E69F75ED31}
	EndGlobalSection
EndGlobal
